
Microsoft Visual Studio Solution File, Format Version 12.00
# Visual Studio Version 16
VisualStudioVersion = 16.0.30309.148
MinimumVisualStudioVersion = 15.0.26124.0
Project("{9A19103F-16F7-4668-BE54-9A1E7A4F7556}") = "DrinksUI.Web", "DrinksUI.Web\DrinksUI.Web.csproj", "{233914F2-3CEF-4AE7-A971-6118A26D4122}"
EndProject
Project("{9A19103F-16F7-4668-BE54-9A1E7A4F7556}") = "DrinksUI.Data", "DrinksUI.Data\DrinksUI.Data.csproj", "{BB28E8E0-1F01-4ED5-90AC-426D8E7C6D27}"
EndProject
Project("{9A19103F-16F7-4668-BE54-9A1E7A4F7556}") = "DrinksUI.Dtos", "DrinksUI.Dtos\DrinksUI.Dtos.csproj", "{3EDC98DD-AC0B-48EC-A0D9-A329536B3384}"
EndProject
Project("{9A19103F-16F7-4668-BE54-9A1E7A4F7556}") = "DrinksUI.Test", "DrinksUI.Test\DrinksUI.Test.csproj", "{491F9CA9-7A3D-44AE-A404-176A522B3C9F}"
EndProject
Project("{9A19103F-16F7-4668-BE54-9A1E7A4F7556}") = "DrinksUI.CommandLineTools", "DrinksUI.CommanLineTools\DrinksUI.CommandLineTools.csproj", "{D2DBA1B5-CC62-487D-8691-4F3B93932289}"
EndProject
Project("{9A19103F-16F7-4668-BE54-9A1E7A4F7556}") = "DrinkUI.Api", "DrinkUI.Api\DrinkUI.Api.csproj", "{8C980F84-37FB-4661-8026-22077866E469}"
EndProject
Global
	GlobalSection(SolutionConfigurationPlatforms) = preSolution
		Debug|Any CPU = Debug|Any CPU
		Debug|x64 = Debug|x64
		Debug|x86 = Debug|x86
		Release|Any CPU = Release|Any CPU
		Release|x64 = Release|x64
		Release|x86 = Release|x86
	EndGlobalSection
	GlobalSection(ProjectConfigurationPlatforms) = postSolution
		{233914F2-3CEF-4AE7-A971-6118A26D4122}.Debug|Any CPU.ActiveCfg = Debug|Any CPU
		{233914F2-3CEF-4AE7-A971-6118A26D4122}.Debug|Any CPU.Build.0 = Debug|Any CPU
		{233914F2-3CEF-4AE7-A971-6118A26D4122}.Debug|x64.ActiveCfg = Debug|Any CPU
		{233914F2-3CEF-4AE7-A971-6118A26D4122}.Debug|x64.Build.0 = Debug|Any CPU
		{233914F2-3CEF-4AE7-A971-6118A26D4122}.Debug|x86.ActiveCfg = Debug|Any CPU
		{233914F2-3CEF-4AE7-A971-6118A26D4122}.Debug|x86.Build.0 = Debug|Any CPU
		{233914F2-3CEF-4AE7-A971-6118A26D4122}.Release|Any CPU.ActiveCfg = Release|Any CPU
		{233914F2-3CEF-4AE7-A971-6118A26D4122}.Release|Any CPU.Build.0 = Release|Any CPU
		{233914F2-3CEF-4AE7-A971-6118A26D4122}.Release|x64.ActiveCfg = Release|Any CPU
		{233914F2-3CEF-4AE7-A971-6118A26D4122}.Release|x64.Build.0 = Release|Any CPU
		{233914F2-3CEF-4AE7-A971-6118A26D4122}.Release|x86.ActiveCfg = Release|Any CPU
		{233914F2-3CEF-4AE7-A971-6118A26D4122}.Release|x86.Build.0 = Release|Any CPU
		{BB28E8E0-1F01-4ED5-90AC-426D8E7C6D27}.Debug|Any CPU.ActiveCfg = Debug|Any CPU
		{BB28E8E0-1F01-4ED5-90AC-426D8E7C6D27}.Debug|Any CPU.Build.0 = Debug|Any CPU
		{BB28E8E0-1F01-4ED5-90AC-426D8E7C6D27}.Debug|x64.ActiveCfg = Debug|Any CPU
		{BB28E8E0-1F01-4ED5-90AC-426D8E7C6D27}.Debug|x64.Build.0 = Debug|Any CPU
		{BB28E8E0-1F01-4ED5-90AC-426D8E7C6D27}.Debug|x86.ActiveCfg = Debug|Any CPU
		{BB28E8E0-1F01-4ED5-90AC-426D8E7C6D27}.Debug|x86.Build.0 = Debug|Any CPU
		{BB28E8E0-1F01-4ED5-90AC-426D8E7C6D27}.Release|Any CPU.ActiveCfg = Release|Any CPU
		{BB28E8E0-1F01-4ED5-90AC-426D8E7C6D27}.Release|Any CPU.Build.0 = Release|Any CPU
		{BB28E8E0-1F01-4ED5-90AC-426D8E7C6D27}.Release|x64.ActiveCfg = Release|Any CPU
		{BB28E8E0-1F01-4ED5-90AC-426D8E7C6D27}.Release|x64.Build.0 = Release|Any CPU
		{BB28E8E0-1F01-4ED5-90AC-426D8E7C6D27}.Release|x86.ActiveCfg = Release|Any CPU
		{BB28E8E0-1F01-4ED5-90AC-426D8E7C6D27}.Release|x86.Build.0 = Release|Any CPU
		{3EDC98DD-AC0B-48EC-A0D9-A329536B3384}.Debug|Any CPU.ActiveCfg = Debug|Any CPU
		{3EDC98DD-AC0B-48EC-A0D9-A329536B3384}.Debug|Any CPU.Build.0 = Debug|Any CPU
		{3EDC98DD-AC0B-48EC-A0D9-A329536B3384}.Debug|x64.ActiveCfg = Debug|Any CPU
		{3EDC98DD-AC0B-48EC-A0D9-A329536B3384}.Debug|x64.Build.0 = Debug|Any CPU
		{3EDC98DD-AC0B-48EC-A0D9-A329536B3384}.Debug|x86.ActiveCfg = Debug|Any CPU
		{3EDC98DD-AC0B-48EC-A0D9-A329536B3384}.Debug|x86.Build.0 = Debug|Any CPU
		{3EDC98DD-AC0B-48EC-A0D9-A329536B3384}.Release|Any CPU.ActiveCfg = Release|Any CPU
		{3EDC98DD-AC0B-48EC-A0D9-A329536B3384}.Release|Any CPU.Build.0 = Release|Any CPU
		{3EDC98DD-AC0B-48EC-A0D9-A329536B3384}.Release|x64.ActiveCfg = Release|Any CPU
		{3EDC98DD-AC0B-48EC-A0D9-A329536B3384}.Release|x64.Build.0 = Release|Any CPU
		{3EDC98DD-AC0B-48EC-A0D9-A329536B3384}.Release|x86.ActiveCfg = Release|Any CPU
		{3EDC98DD-AC0B-48EC-A0D9-A329536B3384}.Release|x86.Build.0 = Release|Any CPU
		{491F9CA9-7A3D-44AE-A404-176A522B3C9F}.Debug|Any CPU.ActiveCfg = Debug|Any CPU
		{491F9CA9-7A3D-44AE-A404-176A522B3C9F}.Debug|Any CPU.Build.0 = Debug|Any CPU
		{491F9CA9-7A3D-44AE-A404-176A522B3C9F}.Debug|x64.ActiveCfg = Debug|Any CPU
		{491F9CA9-7A3D-44AE-A404-176A522B3C9F}.Debug|x64.Build.0 = Debug|Any CPU
		{491F9CA9-7A3D-44AE-A404-176A522B3C9F}.Debug|x86.ActiveCfg = Debug|Any CPU
		{491F9CA9-7A3D-44AE-A404-176A522B3C9F}.Debug|x86.Build.0 = Debug|Any CPU
		{491F9CA9-7A3D-44AE-A404-176A522B3C9F}.Release|Any CPU.ActiveCfg = Release|Any CPU
		{491F9CA9-7A3D-44AE-A404-176A522B3C9F}.Release|Any CPU.Build.0 = Release|Any CPU
		{491F9CA9-7A3D-44AE-A404-176A522B3C9F}.Release|x64.ActiveCfg = Release|Any CPU
		{491F9CA9-7A3D-44AE-A404-176A522B3C9F}.Release|x64.Build.0 = Release|Any CPU
		{491F9CA9-7A3D-44AE-A404-176A522B3C9F}.Release|x86.ActiveCfg = Release|Any CPU
		{491F9CA9-7A3D-44AE-A404-176A522B3C9F}.Release|x86.Build.0 = Release|Any CPU
		{D2DBA1B5-CC62-487D-8691-4F3B93932289}.Debug|Any CPU.ActiveCfg = Debug|Any CPU
		{D2DBA1B5-CC62-487D-8691-4F3B93932289}.Debug|Any CPU.Build.0 = Debug|Any CPU
		{D2DBA1B5-CC62-487D-8691-4F3B93932289}.Debug|x64.ActiveCfg = Debug|Any CPU
		{D2DBA1B5-CC62-487D-8691-4F3B93932289}.Debug|x64.Build.0 = Debug|Any CPU
		{D2DBA1B5-CC62-487D-8691-4F3B93932289}.Debug|x86.ActiveCfg = Debug|Any CPU
		{D2DBA1B5-CC62-487D-8691-4F3B93932289}.Debug|x86.Build.0 = Debug|Any CPU
		{D2DBA1B5-CC62-487D-8691-4F3B93932289}.Release|Any CPU.ActiveCfg = Release|Any CPU
		{D2DBA1B5-CC62-487D-8691-4F3B93932289}.Release|Any CPU.Build.0 = Release|Any CPU
		{D2DBA1B5-CC62-487D-8691-4F3B93932289}.Release|x64.ActiveCfg = Release|Any CPU
		{D2DBA1B5-CC62-487D-8691-4F3B93932289}.Release|x64.Build.0 = Release|Any CPU
		{D2DBA1B5-CC62-487D-8691-4F3B93932289}.Release|x86.ActiveCfg = Release|Any CPU
		{D2DBA1B5-CC62-487D-8691-4F3B93932289}.Release|x86.Build.0 = Release|Any CPU
		{8C980F84-37FB-4661-8026-22077866E469}.Debug|Any CPU.ActiveCfg = Debug|Any CPU
		{8C980F84-37FB-4661-8026-22077866E469}.Debug|Any CPU.Build.0 = Debug|Any CPU
		{8C980F84-37FB-4661-8026-22077866E469}.Debug|x64.ActiveCfg = Debug|Any CPU
		{8C980F84-37FB-4661-8026-22077866E469}.Debug|x64.Build.0 = Debug|Any CPU
		{8C980F84-37FB-4661-8026-22077866E469}.Debug|x86.ActiveCfg = Debug|Any CPU
		{8C980F84-37FB-4661-8026-22077866E469}.Debug|x86.Build.0 = Debug|Any CPU
		{8C980F84-37FB-4661-8026-22077866E469}.Release|Any CPU.ActiveCfg = Release|Any CPU
		{8C980F84-37FB-4661-8026-22077866E469}.Release|Any CPU.Build.0 = Release|Any CPU
		{8C980F84-37FB-4661-8026-22077866E469}.Release|x64.ActiveCfg = Release|Any CPU
		{8C980F84-37FB-4661-8026-22077866E469}.Release|x64.Build.0 = Release|Any CPU
		{8C980F84-37FB-4661-8026-22077866E469}.Release|x86.ActiveCfg = Release|Any CPU
		{8C980F84-37FB-4661-8026-22077866E469}.Release|x86.Build.0 = Release|Any CPU
	EndGlobalSection
	GlobalSection(SolutionProperties) = preSolution
		HideSolutionNode = FALSE
	EndGlobalSection
	GlobalSection(ExtensibilityGlobals) = postSolution
		SolutionGuid = {221D0646-7E25-4636-8392-238FF18AEC13}
	EndGlobalSection
EndGlobal
